
Microsoft Visual Studio Solution File, Format Version 12.00
# Visual Studio Version 17
VisualStudioVersion = 17.5.002.0
MinimumVisualStudioVersion = 10.0.40219.1
Project("{9A19103F-16F7-4668-BE54-9A1E7A4F7556}") = "AdventOfCode24", "AdventOfCode24.csproj", "{0DA5D208-EDEB-4749-AF22-7FE0625F178D}"
EndProject
Global
	GlobalSection(SolutionConfigurationPlatforms) = preSolution
		Debug|Any CPU = Debug|Any CPU
		Release|Any CPU = Release|Any CPU
	EndGlobalSection
	GlobalSection(ProjectConfigurationPlatforms) = postSolution
		{0DA5D208-EDEB-4749-AF22-7FE0625F178D}.Debug|Any CPU.ActiveCfg = Debug|Any CPU
		{0DA5D208-EDEB-4749-AF22-7FE0625F178D}.Debug|Any CPU.Build.0 = Debug|Any CPU
		{0DA5D208-EDEB-4749-AF22-7FE0625F178D}.Release|Any CPU.ActiveCfg = Release|Any CPU
		{0DA5D208-EDEB-4749-AF22-7FE0625F178D}.Release|Any CPU.Build.0 = Release|Any CPU
	EndGlobalSection
	GlobalSection(SolutionProperties) = preSolution
		HideSolutionNode = FALSE
	EndGlobalSection
	GlobalSection(ExtensibilityGlobals) = postSolution
		SolutionGuid = {76F9E936-CC32-4EFE-B35C-B042CA3BA615}
	EndGlobalSection
EndGlobal
